
Microsoft Visual Studio Solution File, Format Version 12.00
# Visual Studio 15
VisualStudioVersion = 15.0.28307.271
MinimumVisualStudioVersion = 10.0.40219.1
Project("{FAE04EC0-301F-11D3-BF4B-00C04F79EFBC}") = "MicroFeed.Android", "MicroFeed\MicroFeed.Android\MicroFeed.Android.csproj", "{926DF9D9-AD68-4190-82AD-3D03DA98ADD4}"
EndProject
Project("{FAE04EC0-301F-11D3-BF4B-00C04F79EFBC}") = "MicroFeed.iOS", "MicroFeed\MicroFeed.iOS\MicroFeed.iOS.csproj", "{F432DEBA-4C12-4F58-BE47-30E594E445D4}"
EndProject
Project("{FAE04EC0-301F-11D3-BF4B-00C04F79EFBC}") = "MicroFeed", "MicroFeed\MicroFeed\MicroFeed.csproj", "{8DA100C8-EE9D-4FDF-91D2-210F3221DEB6}"
EndProject
Global
	GlobalSection(SolutionConfigurationPlatforms) = preSolution
		Ad-Hoc|Any CPU = Ad-Hoc|Any CPU
		Ad-Hoc|iPhone = Ad-Hoc|iPhone
		Ad-Hoc|iPhoneSimulator = Ad-Hoc|iPhoneSimulator
		AppStore|Any CPU = AppStore|Any CPU
		AppStore|iPhone = AppStore|iPhone
		AppStore|iPhoneSimulator = AppStore|iPhoneSimulator
		Debug|Any CPU = Debug|Any CPU
		Debug|iPhone = Debug|iPhone
		Debug|iPhoneSimulator = Debug|iPhoneSimulator
		Release|Any CPU = Release|Any CPU
		Release|iPhone = Release|iPhone
		Release|iPhoneSimulator = Release|iPhoneSimulator
	EndGlobalSection
	GlobalSection(ProjectConfigurationPlatforms) = postSolution
		{926DF9D9-AD68-4190-82AD-3D03DA98ADD4}.Ad-Hoc|Any CPU.ActiveCfg = Release|Any CPU
		{926DF9D9-AD68-4190-82AD-3D03DA98ADD4}.Ad-Hoc|Any CPU.Build.0 = Release|Any CPU
		{926DF9D9-AD68-4190-82AD-3D03DA98ADD4}.Ad-Hoc|Any CPU.Deploy.0 = Release|Any CPU
		{926DF9D9-AD68-4190-82AD-3D03DA98ADD4}.Ad-Hoc|iPhone.ActiveCfg = Release|Any CPU
		{926DF9D9-AD68-4190-82AD-3D03DA98ADD4}.Ad-Hoc|iPhone.Build.0 = Release|Any CPU
		{926DF9D9-AD68-4190-82AD-3D03DA98ADD4}.Ad-Hoc|iPhone.Deploy.0 = Release|Any CPU
		{926DF9D9-AD68-4190-82AD-3D03DA98ADD4}.Ad-Hoc|iPhoneSimulator.ActiveCfg = Release|Any CPU
		{926DF9D9-AD68-4190-82AD-3D03DA98ADD4}.Ad-Hoc|iPhoneSimulator.Build.0 = Release|Any CPU
		{926DF9D9-AD68-4190-82AD-3D03DA98ADD4}.Ad-Hoc|iPhoneSimulator.Deploy.0 = Release|Any CPU
		{926DF9D9-AD68-4190-82AD-3D03DA98ADD4}.AppStore|Any CPU.ActiveCfg = Release|Any CPU
		{926DF9D9-AD68-4190-82AD-3D03DA98ADD4}.AppStore|Any CPU.Build.0 = Release|Any CPU
		{926DF9D9-AD68-4190-82AD-3D03DA98ADD4}.AppStore|Any CPU.Deploy.0 = Release|Any CPU
		{926DF9D9-AD68-4190-82AD-3D03DA98ADD4}.AppStore|iPhone.ActiveCfg = Release|Any CPU
		{926DF9D9-AD68-4190-82AD-3D03DA98ADD4}.AppStore|iPhone.Build.0 = Release|Any CPU
		{926DF9D9-AD68-4190-82AD-3D03DA98ADD4}.AppStore|iPhone.Deploy.0 = Release|Any CPU
		{926DF9D9-AD68-4190-82AD-3D03DA98ADD4}.AppStore|iPhoneSimulator.ActiveCfg = Release|Any CPU
		{926DF9D9-AD68-4190-82AD-3D03DA98ADD4}.AppStore|iPhoneSimulator.Build.0 = Release|Any CPU
		{926DF9D9-AD68-4190-82AD-3D03DA98ADD4}.AppStore|iPhoneSimulator.Deploy.0 = Release|Any CPU
		{926DF9D9-AD68-4190-82AD-3D03DA98ADD4}.Debug|Any CPU.ActiveCfg = Debug|Any CPU
		{926DF9D9-AD68-4190-82AD-3D03DA98ADD4}.Debug|Any CPU.Build.0 = Debug|Any CPU
		{926DF9D9-AD68-4190-82AD-3D03DA98ADD4}.Debug|Any CPU.Deploy.0 = Debug|Any CPU
		{926DF9D9-AD68-4190-82AD-3D03DA98ADD4}.Debug|iPhone.ActiveCfg = Debug|Any CPU
		{926DF9D9-AD68-4190-82AD-3D03DA98ADD4}.Debug|iPhone.Build.0 = Debug|Any CPU
		{926DF9D9-AD68-4190-82AD-3D03DA98ADD4}.Debug|iPhone.Deploy.0 = Debug|Any CPU
		{926DF9D9-AD68-4190-82AD-3D03DA98ADD4}.Debug|iPhoneSimulator.ActiveCfg = Debug|Any CPU
		{926DF9D9-AD68-4190-82AD-3D03DA98ADD4}.Debug|iPhoneSimulator.Build.0 = Debug|Any CPU
		{926DF9D9-AD68-4190-82AD-3D03DA98ADD4}.Debug|iPhoneSimulator.Deploy.0 = Debug|Any CPU
		{926DF9D9-AD68-4190-82AD-3D03DA98ADD4}.Release|Any CPU.ActiveCfg = Release|Any CPU
		{926DF9D9-AD68-4190-82AD-3D03DA98ADD4}.Release|Any CPU.Build.0 = Release|Any CPU
		{926DF9D9-AD68-4190-82AD-3D03DA98ADD4}.Release|Any CPU.Deploy.0 = Release|Any CPU
		{926DF9D9-AD68-4190-82AD-3D03DA98ADD4}.Release|iPhone.ActiveCfg = Release|Any CPU
		{926DF9D9-AD68-4190-82AD-3D03DA98ADD4}.Release|iPhone.Build.0 = Release|Any CPU
		{926DF9D9-AD68-4190-82AD-3D03DA98ADD4}.Release|iPhone.Deploy.0 = Release|Any CPU
		{926DF9D9-AD68-4190-82AD-3D03DA98ADD4}.Release|iPhoneSimulator.ActiveCfg = Release|Any CPU
		{926DF9D9-AD68-4190-82AD-3D03DA98ADD4}.Release|iPhoneSimulator.Build.0 = Release|Any CPU
		{926DF9D9-AD68-4190-82AD-3D03DA98ADD4}.Release|iPhoneSimulator.Deploy.0 = Release|Any CPU
		{F432DEBA-4C12-4F58-BE47-30E594E445D4}.Ad-Hoc|Any CPU.ActiveCfg = Ad-Hoc|iPhone
		{F432DEBA-4C12-4F58-BE47-30E594E445D4}.Ad-Hoc|Any CPU.Build.0 = Ad-Hoc|iPhone
		{F432DEBA-4C12-4F58-BE47-30E594E445D4}.Ad-Hoc|Any CPU.Deploy.0 = Ad-Hoc|iPhone
		{F432DEBA-4C12-4F58-BE47-30E594E445D4}.Ad-Hoc|iPhone.ActiveCfg = Ad-Hoc|iPhone
		{F432DEBA-4C12-4F58-BE47-30E594E445D4}.Ad-Hoc|iPhone.Build.0 = Ad-Hoc|iPhone
		{F432DEBA-4C12-4F58-BE47-30E594E445D4}.Ad-Hoc|iPhone.Deploy.0 = Ad-Hoc|iPhone
		{F432DEBA-4C12-4F58-BE47-30E594E445D4}.Ad-Hoc|iPhoneSimulator.ActiveCfg = Ad-Hoc|iPhoneSimulator
		{F432DEBA-4C12-4F58-BE47-30E594E445D4}.Ad-Hoc|iPhoneSimulator.Build.0 = Ad-Hoc|iPhoneSimulator
		{F432DEBA-4C12-4F58-BE47-30E594E445D4}.Ad-Hoc|iPhoneSimulator.Deploy.0 = Ad-Hoc|iPhoneSimulator
		{F432DEBA-4C12-4F58-BE47-30E594E445D4}.AppStore|Any CPU.ActiveCfg = AppStore|iPhone
		{F432DEBA-4C12-4F58-BE47-30E594E445D4}.AppStore|Any CPU.Build.0 = AppStore|iPhone
		{F432DEBA-4C12-4F58-BE47-30E594E445D4}.AppStore|Any CPU.Deploy.0 = AppStore|iPhone
		{F432DEBA-4C12-4F58-BE47-30E594E445D4}.AppStore|iPhone.ActiveCfg = AppStore|iPhone
		{F432DEBA-4C12-4F58-BE47-30E594E445D4}.AppStore|iPhone.Build.0 = AppStore|iPhone
		{F432DEBA-4C12-4F58-BE47-30E594E445D4}.AppStore|iPhone.Deploy.0 = AppStore|iPhone
		{F432DEBA-4C12-4F58-BE47-30E594E445D4}.AppStore|iPhoneSimulator.ActiveCfg = AppStore|iPhoneSimulator
		{F432DEBA-4C12-4F58-BE47-30E594E445D4}.AppStore|iPhoneSimulator.Build.0 = AppStore|iPhoneSimulator
		{F432DEBA-4C12-4F58-BE47-30E594E445D4}.AppStore|iPhoneSimulator.Deploy.0 = AppStore|iPhoneSimulator
		{F432DEBA-4C12-4F58-BE47-30E594E445D4}.Debug|Any CPU.ActiveCfg = Debug|iPhoneSimulator
		{F432DEBA-4C12-4F58-BE47-30E594E445D4}.Debug|Any CPU.Build.0 = Debug|iPhoneSimulator
		{F432DEBA-4C12-4F58-BE47-30E594E445D4}.Debug|Any CPU.Deploy.0 = Debug|iPhoneSimulator
		{F432DEBA-4C12-4F58-BE47-30E594E445D4}.Debug|iPhone.ActiveCfg = Debug|iPhone
		{F432DEBA-4C12-4F58-BE47-30E594E445D4}.Debug|iPhone.Build.0 = Debug|iPhone
		{F432DEBA-4C12-4F58-BE47-30E594E445D4}.Debug|iPhone.Deploy.0 = Debug|iPhone
		{F432DEBA-4C12-4F58-BE47-30E594E445D4}.Debug|iPhoneSimulator.ActiveCfg = Debug|iPhoneSimulator
		{F432DEBA-4C12-4F58-BE47-30E594E445D4}.Debug|iPhoneSimulator.Build.0 = Debug|iPhoneSimulator
		{F432DEBA-4C12-4F58-BE47-30E594E445D4}.Debug|iPhoneSimulator.Deploy.0 = Debug|iPhoneSimulator
		{F432DEBA-4C12-4F58-BE47-30E594E445D4}.Release|Any CPU.ActiveCfg = Release|iPhone
		{F432DEBA-4C12-4F58-BE47-30E594E445D4}.Release|Any CPU.Build.0 = Release|iPhone
		{F432DEBA-4C12-4F58-BE47-30E594E445D4}.Release|Any CPU.Deploy.0 = Release|iPhone
		{F432DEBA-4C12-4F58-BE47-30E594E445D4}.Release|iPhone.ActiveCfg = Release|iPhone
		{F432DEBA-4C12-4F58-BE47-30E594E445D4}.Release|iPhone.Build.0 = Release|iPhone
		{F432DEBA-4C12-4F58-BE47-30E594E445D4}.Release|iPhone.Deploy.0 = Release|iPhone
		{F432DEBA-4C12-4F58-BE47-30E594E445D4}.Release|iPhoneSimulator.ActiveCfg = Release|iPhoneSimulator
		{F432DEBA-4C12-4F58-BE47-30E594E445D4}.Release|iPhoneSimulator.Build.0 = Release|iPhoneSimulator
		{F432DEBA-4C12-4F58-BE47-30E594E445D4}.Release|iPhoneSimulator.Deploy.0 = Release|iPhoneSimulator
		{8DA100C8-EE9D-4FDF-91D2-210F3221DEB6}.Ad-Hoc|Any CPU.ActiveCfg = Debug|Any CPU
		{8DA100C8-EE9D-4FDF-91D2-210F3221DEB6}.Ad-Hoc|Any CPU.Build.0 = Debug|Any CPU
		{8DA100C8-EE9D-4FDF-91D2-210F3221DEB6}.Ad-Hoc|Any CPU.Deploy.0 = Debug|Any CPU
		{8DA100C8-EE9D-4FDF-91D2-210F3221DEB6}.Ad-Hoc|iPhone.ActiveCfg = Debug|Any CPU
		{8DA100C8-EE9D-4FDF-91D2-210F3221DEB6}.Ad-Hoc|iPhone.Build.0 = Debug|Any CPU
		{8DA100C8-EE9D-4FDF-91D2-210F3221DEB6}.Ad-Hoc|iPhone.Deploy.0 = Debug|Any CPU
		{8DA100C8-EE9D-4FDF-91D2-210F3221DEB6}.Ad-Hoc|iPhoneSimulator.ActiveCfg = Debug|Any CPU
		{8DA100C8-EE9D-4FDF-91D2-210F3221DEB6}.Ad-Hoc|iPhoneSimulator.Build.0 = Debug|Any CPU
		{8DA100C8-EE9D-4FDF-91D2-210F3221DEB6}.Ad-Hoc|iPhoneSimulator.Deploy.0 = Debug|Any CPU
		{8DA100C8-EE9D-4FDF-91D2-210F3221DEB6}.AppStore|Any CPU.ActiveCfg = Debug|Any CPU
		{8DA100C8-EE9D-4FDF-91D2-210F3221DEB6}.AppStore|Any CPU.Build.0 = Debug|Any CPU
		{8DA100C8-EE9D-4FDF-91D2-210F3221DEB6}.AppStore|Any CPU.Deploy.0 = Debug|Any CPU
		{8DA100C8-EE9D-4FDF-91D2-210F3221DEB6}.AppStore|iPhone.ActiveCfg = Debug|Any CPU
		{8DA100C8-EE9D-4FDF-91D2-210F3221DEB6}.AppStore|iPhone.Build.0 = Debug|Any CPU
		{8DA100C8-EE9D-4FDF-91D2-210F3221DEB6}.AppStore|iPhone.Deploy.0 = Debug|Any CPU
		{8DA100C8-EE9D-4FDF-91D2-210F3221DEB6}.AppStore|iPhoneSimulator.ActiveCfg = Debug|Any CPU
		{8DA100C8-EE9D-4FDF-91D2-210F3221DEB6}.AppStore|iPhoneSimulator.Build.0 = Debug|Any CPU
		{8DA100C8-EE9D-4FDF-91D2-210F3221DEB6}.AppStore|iPhoneSimulator.Deploy.0 = Debug|Any CPU
		{8DA100C8-EE9D-4FDF-91D2-210F3221DEB6}.Debug|Any CPU.ActiveCfg = Debug|Any CPU
		{8DA100C8-EE9D-4FDF-91D2-210F3221DEB6}.Debug|Any CPU.Build.0 = Debug|Any CPU
		{8DA100C8-EE9D-4FDF-91D2-210F3221DEB6}.Debug|Any CPU.Deploy.0 = Debug|Any CPU
		{8DA100C8-EE9D-4FDF-91D2-210F3221DEB6}.Debug|iPhone.ActiveCfg = Debug|Any CPU
		{8DA100C8-EE9D-4FDF-91D2-210F3221DEB6}.Debug|iPhone.Build.0 = Debug|Any CPU
		{8DA100C8-EE9D-4FDF-91D2-210F3221DEB6}.Debug|iPhone.Deploy.0 = Debug|Any CPU
		{8DA100C8-EE9D-4FDF-91D2-210F3221DEB6}.Debug|iPhoneSimulator.ActiveCfg = Debug|Any CPU
		{8DA100C8-EE9D-4FDF-91D2-210F3221DEB6}.Debug|iPhoneSimulator.Build.0 = Debug|Any CPU
		{8DA100C8-EE9D-4FDF-91D2-210F3221DEB6}.Debug|iPhoneSimulator.Deploy.0 = Debug|Any CPU
		{8DA100C8-EE9D-4FDF-91D2-210F3221DEB6}.Release|Any CPU.ActiveCfg = Release|Any CPU
		{8DA100C8-EE9D-4FDF-91D2-210F3221DEB6}.Release|Any CPU.Build.0 = Release|Any CPU
		{8DA100C8-EE9D-4FDF-91D2-210F3221DEB6}.Release|Any CPU.Deploy.0 = Release|Any CPU
		{8DA100C8-EE9D-4FDF-91D2-210F3221DEB6}.Release|iPhone.ActiveCfg = Release|Any CPU
		{8DA100C8-EE9D-4FDF-91D2-210F3221DEB6}.Release|iPhone.Build.0 = Release|Any CPU
		{8DA100C8-EE9D-4FDF-91D2-210F3221DEB6}.Release|iPhone.Deploy.0 = Release|Any CPU
		{8DA100C8-EE9D-4FDF-91D2-210F3221DEB6}.Release|iPhoneSimulator.ActiveCfg = Release|Any CPU
		{8DA100C8-EE9D-4FDF-91D2-210F3221DEB6}.Release|iPhoneSimulator.Build.0 = Release|Any CPU
		{8DA100C8-EE9D-4FDF-91D2-210F3221DEB6}.Release|iPhoneSimulator.Deploy.0 = Release|Any CPU
	EndGlobalSection
	GlobalSection(SolutionProperties) = preSolution
		HideSolutionNode = FALSE
	EndGlobalSection
	GlobalSection(ExtensibilityGlobals) = postSolution
		SolutionGuid = {A1C9336A-2D33-4B1E-9C53-47DA20B083D5}
	EndGlobalSection
EndGlobal
